github.com/go-logr/logr v1.2.0/go.mod h1:jdQByPbusPIv2/zmleS9BjJVeZ6kBagPoEUsqbVz/1A=
github.com/go-logr/logr v1.2.3 h1:2DntVwHkVopvECVRSlL5PSo9eG+cAkDCuckLubN+rq0=
github.com/go-logr/logr v1.2.3/go.mod h1:jdQByPbusPIv2/zmleS9BjJVeZ6kBagPoEUsqbVz/1A=
github.com/google/certificate-transparency-go v1.1.6 h1:SW5K3sr7ptST/pIvNkSVWMiJqemRmkjJPPT0jzXdOOY=
github.com/google/certificate-transparency-go v1.1.6/go.mod h1:0OJjOsOk+wj6aYQgP7FU0ioQ0AJUmnWPFMqTjQeazPQ=
github.com/miekg/dns v1.1.59 h1:C9EXc/UToRwKLhK5wKU/I4QVsBUc8kE6MkHBkeypWZs=
github.com/miekg/dns v1.1.59/go.mod h1:nZpewl5p6IvctfgrckopVx2OlSEHPRO/U4SYkRklrEk=
golang.org/x/crypto v0.36.0 h1:AnAEvhDddvBdpY+uR+MyHmuZzzNqXSe/GvuDeob5L34=
golang.org/x/crypto v0.36.0/go.mod h1:Y4J0ReaxCR1IMaabaSMugxJES1EpwhBHhv2bDHklZvc=
golang.org/x/mod v0.16.0 h1:QX4fJ0Rr5cPQCF7O9lh9Se4pmwfwskqZfq5moyldzic=
golang.org/x/mod v0.16.0/go.mod h1:hTbmBsO62+eylJbnUtE2MGJUyE7QWk4xUqPFrRgJ+7c=
golang.org/x/net v0.38.0 h1:vRMAPTMaeGqVhG5QyLJHqNDwecKTomGeqbnfZyKlBI8=
golang.org/x/net v0.38.0/go.mod h1:ivrbrMbzFq5J41QOQh0siUuly180yBYtLp+CKbEaFx8=
golang.org/x/sync v0.6.0 h1:5BMeUDZ7vkXGfEr1x9B4bRcTH4lpkTkpdh0T/J+qjbQ=
golang.org/x/sync v0.6.0/go.mod h1:Czt+wKu1gCyEFDUtn0jG5QVvpJ6rzVqr5aXyt9drQfk=
golang.org/x/sys v0.31.0 h1:ioabZlmFYtWhL+TRYpcnNlLwhyxaM9kWTDEmfnprqik=
golang.org/x/sys v0.31.0/go.mod h1:BJP2sWEmIv4KK5OTEluFJCKSidICx8ciO85XgH3Ak8k=
golang.org/x/term v0.30.0 h1:PQ39fJZ+mfadBm0y5WlL4vlM7Sx1Hgf13sMIY2+QS9Y=
golang.org/x/term v0.30.0/go.mod h1:NYYFdzHoI5wRh/h5tDMdMqCqPJZEuNqVR5xJLd/n67g=
golang.org/x/tools v0.19.0 h1:tfGCXNR1OsFG+sVdLAitlpjAvD/I6dHDKnYrpEZUHkw=
golang.org/x/tools v0.19.0/go.mod h1:qoJWxmGSIBmAeriMx19ogtrEPrGtDbPK634QFIcLAhc=
k8s.io/klog/v2 v2.100.1 h1:7WCHKK6K8fNhTqfBhISHQ97KrnJNFZMcQvKp7gP/tmg=
k8s.io/klog/v2 v2.100.1/go.mod h1:y1WjHnz7Dj687irZUWR/WLkLc5N1YHtjLdmgWjndZn0=
mvdan.cc/xurls/v2 v2.5.0 h1:lyBNOm8Wo71UknhUs4QTFUNNMyxy2JEIaKKo0RWOh+8=
mvdan.cc/xurls/v2 v2.5.0/go.mod h1:yQgaGQ1rFtJUzkmKiHYSSfuQxqfYmd//X6PxvholpeE=
paepcke.de/certinfo v0.1.33 h1:arWDrcfkYpiImo8mQdJlgL+sGn9ys0BH5cYoLkRKeDI=
paepcke.de/certinfo v0.1.33/go.mod h1:NP7cCd1Bxf+7iZwcKL2XHqA7e6ADstrSlrRUwM2uUy8=
paepcke.de/dnscache v0.1.22 h1:8SZCPwnvPGu9/TxAQ4teiMmEebH8xgv+EPu3ZDN9VCs=
paepcke.de/dnscache v0.1.22/go.mod h1:E5nWHl2v6YjUFhJ0jEnlYVqC1SkhGSYB8I82kKgIRWg=
paepcke.de/dnsinfo v0.1.41 h1:fb3V8qNEQ3GiQAOKfRvwFJtphIeAI0QXVKIz+6dHqZQ=
paepcke.de/dnsinfo v0.1.41/go.mod h1:yVUGE37f44YtnMlzqUCCz2Bq8lVZicMPtFd4L4PmEvA=
paepcke.de/dnsresolver v0.1.22 h1:9WLaf04GFl16GZz5XYIWbd1bMAQihnNWCfx9lIyf56o=
paepcke.de/dnsresolver v0.1.22/go.mod h1:WlzcnWloj9/PDhrWYlSfnxWlXpDndil+R+KeRFY9OG8=
paepcke.de/reportstyle v0.1.24 h1:AfZ71Zp3QpfFoLDyA0jcvNM3uHGwi9qxabLhlmDOgMg=
paepcke.de/reportstyle v0.1.24/go.mod h1:q+a+NhIzxC9nd9EhiTE3gipt8DNybQI8lnyDWRJ0tjg=
paepcke.de/tlsinfo v0.1.34 h1:ycXzF7w8rMEwPOpQq6IbP6/hUiOwALqMIZaVHM75nXU=
paepcke.de/tlsinfo v0.1.34/go.mod h1:9tLKJaQnmWx3XMvprdNY8lHHia5DmdB8/muX8JLkS6E=
