github.com/go-logr/logr v1.2.0 h1:QK40JKJyMdUDz+h+xvCsru/bJhvG0UxvePV0ufL/AcE=
github.com/go-logr/logr v1.2.0/go.mod h1:jdQByPbusPIv2/zmleS9BjJVeZ6kBagPoEUsqbVz/1A=
github.com/google/certificate-transparency-go v1.1.5 h1:EVfYyOiMSdwwXd6FJxnh0jYgYj/Dh5n9sXtgIr5+Vj0=
github.com/google/certificate-transparency-go v1.1.5/go.mod h1:CnNCSPt9ptZQ8jDSrqyTmh2dT2MQLKymfGYwXqjQ7YY=
github.com/miekg/dns v1.1.54 h1:5jon9mWcb0sFJGpnI99tOMhCPyJ+RPVz5b63MQG0VWI=
github.com/miekg/dns v1.1.54/go.mod h1:uInx36IzPl7FYnDcMeVWxj9byh7DutNykX4G9Sj60FY=
golang.org/x/crypto v0.9.0 h1:LF6fAI+IutBocDJ2OT0Q1g8plpYljMZ4+lty+dsqw3g=
golang.org/x/crypto v0.9.0/go.mod h1:yrmDGqONDYtNj3tH8X9dzUun2m2lzPa9ngI6/RUPGR0=
golang.org/x/mod v0.10.0 h1:lFO9qtOdlre5W1jxS3r/4szv2/6iXxScdzjoBMXNhYk=
golang.org/x/mod v0.10.0/go.mod h1:iBbtSCu2XBx23ZKBPSOrRkjjQPZFPuis4dIYUhu/chs=
golang.org/x/net v0.10.0 h1:X2//UzNDwYmtCLn7To6G58Wr6f5ahEAQgKNzv9Y951M=
golang.org/x/net v0.10.0/go.mod h1:0qNGK6F8kojg2nk9dLZ2mShWaEBan6FAoqfSigmmuDg=
golang.org/x/sync v0.1.0 h1:wsuoTGHzEhffawBOhz5CYhcrV4IdKZbEyZjBMuTp12o=
golang.org/x/sys v0.8.0 h1:EBmGv8NaZBZTWvrbjNoL6HVt+IVy3QDQpJs7VRIw3tU=
golang.org/x/sys v0.8.0/go.mod h1:oPkhp1MJrh7nUepCBck5+mAzfO9JrbApNNgaTdGDITg=
golang.org/x/term v0.8.0 h1:n5xxQn2i3PC0yLAbjTpNT85q/Kgzcr2gIoX9OrJUols=
golang.org/x/text v0.9.0 h1:2sjJmO8cDvYveuX97RDLsxlyUxLl+GHoLxBiRdHllBE=
golang.org/x/text v0.9.0/go.mod h1:e1OnstbJyHTd6l/uOt8jFFHp6TRDWZR/bV3emEE/zU8=
golang.org/x/tools v0.6.0 h1:BOw41kyTf3PuCW1pVQf8+Cyg8pMlkYB1oo9iJ6D/lKM=
golang.org/x/tools v0.6.0/go.mod h1:Xwgl3UAJ/d3gWutnCtw505GrjyAbvKui8lOU390QaIU=
k8s.io/klog/v2 v2.90.1 h1:m4bYOKall2MmOiRaR1J+We67Do7vm9KiQVlT96lnHUw=
k8s.io/klog/v2 v2.90.1/go.mod h1:y1WjHnz7Dj687irZUWR/WLkLc5N1YHtjLdmgWjndZn0=
mvdan.cc/xurls/v2 v2.5.0 h1:lyBNOm8Wo71UknhUs4QTFUNNMyxy2JEIaKKo0RWOh+8=
mvdan.cc/xurls/v2 v2.5.0/go.mod h1:yQgaGQ1rFtJUzkmKiHYSSfuQxqfYmd//X6PxvholpeE=
paepcke.de/certinfo v0.1.26 h1:QlggmkTw+yf3iI7eDzemuGBxuIMzoUTnLdLYpnlnffE=
paepcke.de/certinfo v0.1.26/go.mod h1:r0ChxfUYCAE73kjaZd5IKy1tq3LQ/63QizxzFr7gnuU=
paepcke.de/dnscache v0.1.14 h1:g6i9Ad7p4mSqM6mmT7Fsp7a8M8wF0Ps8TYHQDvOBMLE=
paepcke.de/dnscache v0.1.14/go.mod h1:4b7kdSFzHE5XYkc2aEp0hXSciZ816tfGiO1OmgPL1D4=
paepcke.de/dnsinfo v0.1.33 h1:wLAsKN3FCjdYSZrgmKT9s8SACbQpVm0hvdvE10p8p2E=
paepcke.de/dnsinfo v0.1.33/go.mod h1:Rjp7aspMWtXVD8Y6tHNWZsE2Uo1KjYaVyzTzglsmX/E=
paepcke.de/dnsresolver v0.1.14 h1:Me5wOkonAv7Qrw/wabeAASlhTu3XajhAxmEYvGhDt2s=
paepcke.de/dnsresolver v0.1.14/go.mod h1:WteES5uQktx+hP/hYk4EMk6ilCaSYVXnFh/itoRNBwM=
paepcke.de/reportstyle v0.1.16 h1:lRWTi8s2dAz0o8iI2+0Nhwl1avjVaWeym+TSNyeAsU4=
paepcke.de/reportstyle v0.1.16/go.mod h1:n8RawMbFocJ+xICuqY6RAsGgEvOrgAeSXA/Myu5ecPE=
paepcke.de/tlsinfo v0.1.26 h1:WJNHVL2+qtfh2AnkR02YHhrrH92bUl4TIJbjbSRBdgI=
paepcke.de/tlsinfo v0.1.26/go.mod h1:vM/8LCWlxNcGRgHrDsts8gDshM6uB/Ut2LwGIN3oKZM=
